// !$*UTF8*$!
{
	archiveVersion = 1;
	classes = {
	};
	objectVersion = 46;
	objects = {

/* Begin PBXBuildFile section */
		93574F03193D5AFC00493FA9 /* AppDelegate.swift in Sources */ = {isa = PBXBuildFile; fileRef = 93574F02193D5AFC00493FA9 /* AppDelegate.swift */; };
		93574F05193D5AFC00493FA9 /* ViewController.swift in Sources */ = {isa = PBXBuildFile; fileRef = 93574F04193D5AFC00493FA9 /* ViewController.swift */; };
		93574F08193D5AFC00493FA9 /* Main.storyboard in Resources */ = {isa = PBXBuildFile; fileRef = 93574F06193D5AFC00493FA9 /* Main.storyboard */; };
		93574F0A193D5AFC00493FA9 /* Images.xcassets in Resources */ = {isa = PBXBuildFile; fileRef = 93574F09193D5AFC00493FA9 /* Images.xcassets */; };
		93574F16193D5AFD00493FA9 /* SwiftBreakoutTests.swift in Sources */ = {isa = PBXBuildFile; fileRef = 93574F15193D5AFD00493FA9 /* SwiftBreakoutTests.swift */; };
		935D405D193DAA38008C14A7 /* MyScene.swift in Sources */ = {isa = PBXBuildFile; fileRef = 935D405C193DAA38008C14A7 /* MyScene.swift */; };
		935D4063193E0C48008C14A7 /* Basso.caf in Resources */ = {isa = PBXBuildFile; fileRef = 935D405E193E0C48008C14A7 /* Basso.caf */; };
		935D4064193E0C48008C14A7 /* Ping.caf in Resources */ = {isa = PBXBuildFile; fileRef = 935D405F193E0C48008C14A7 /* Ping.caf */; };
		935D4065193E0C48008C14A7 /* Pop.caf in Resources */ = {isa = PBXBuildFile; fileRef = 935D4060193E0C48008C14A7 /* Pop.caf */; };
		935D4066193E0C48008C14A7 /* Smoke.sks in Resources */ = {isa = PBXBuildFile; fileRef = 935D4061193E0C48008C14A7 /* Smoke.sks */; };
		935D4067193E0C48008C14A7 /* spark.png in Resources */ = {isa = PBXBuildFile; fileRef = 935D4062193E0C48008C14A7 /* spark.png */; };
/* End PBXBuildFile section */

/* Begin PBXContainerItemProxy section */
		93574F10193D5AFD00493FA9 /* PBXContainerItemProxy */ = {
			isa = PBXContainerItemProxy;
			containerPortal = 93574EF5193D5AFC00493FA9 /* Project object */;
			proxyType = 1;
			remoteGlobalIDString = 93574EFC193D5AFC00493FA9;
			remoteInfo = Xcode6Test;
		};
/* End PBXContainerItemProxy section */

/* Begin PBXFileReference section */
		93574EFD193D5AFC00493FA9 /* SwiftBreakout.app */ = {isa = PBXFileReference; explicitFileType = wrapper.application; includeInIndex = 0; path = SwiftBreakout.app; sourceTree = BUILT_PRODUCTS_DIR; };
		93574F01193D5AFC00493FA9 /* Info.plist */ = {isa = PBXFileReference; lastKnownFileType = text.plist.xml; path = Info.plist; sourceTree = "<group>"; };
		93574F02193D5AFC00493FA9 /* AppDelegate.swift */ = {isa = PBXFileReference; lastKnownFileType = sourcecode.swift; path = AppDelegate.swift; sourceTree = "<group>"; };
		93574F04193D5AFC00493FA9 /* ViewController.swift */ = {isa = PBXFileReference; lastKnownFileType = sourcecode.swift; path = ViewController.swift; sourceTree = "<group>"; };
		93574F07193D5AFC00493FA9 /* Base */ = {isa = PBXFileReference; lastKnownFileType = file.storyboard; name = Base; path = Base.lproj/Main.storyboard; sourceTree = "<group>"; };
		93574F09193D5AFC00493FA9 /* Images.xcassets */ = {isa = PBXFileReference; lastKnownFileType = folder.assetcatalog; path = Images.xcassets; sourceTree = "<group>"; };
		93574F0F193D5AFD00493FA9 /* SwiftBreakoutTests.xctest */ = {isa = PBXFileReference; explicitFileType = wrapper.cfbundle; includeInIndex = 0; path = SwiftBreakoutTests.xctest; sourceTree = BUILT_PRODUCTS_DIR; };
		93574F14193D5AFD00493FA9 /* Info.plist */ = {isa = PBXFileReference; lastKnownFileType = text.plist.xml; path = Info.plist; sourceTree = "<group>"; };
		93574F15193D5AFD00493FA9 /* SwiftBreakoutTests.swift */ = {isa = PBXFileReference; lastKnownFileType = sourcecode.swift; path = SwiftBreakoutTests.swift; sourceTree = "<group>"; };
		935D405C193DAA38008C14A7 /* MyScene.swift */ = {isa = PBXFileReference; fileEncoding = 4; lastKnownFileType = sourcecode.swift; path = MyScene.swift; sourceTree = "<group>"; };
		935D405E193E0C48008C14A7 /* Basso.caf */ = {isa = PBXFileReference; lastKnownFileType = file; path = Basso.caf; sourceTree = "<group>"; };
		935D405F193E0C48008C14A7 /* Ping.caf */ = {isa = PBXFileReference; lastKnownFileType = file; path = Ping.caf; sourceTree = "<group>"; };
		935D4060193E0C48008C14A7 /* Pop.caf */ = {isa = PBXFileReference; lastKnownFileType = file; path = Pop.caf; sourceTree = "<group>"; };
		935D4061193E0C48008C14A7 /* Smoke.sks */ = {isa = PBXFileReference; lastKnownFileType = file.sks; path = Smoke.sks; sourceTree = "<group>"; };
		935D4062193E0C48008C14A7 /* spark.png */ = {isa = PBXFileReference; lastKnownFileType = image.png; path = spark.png; sourceTree = "<group>"; };
		93FC324D193FE92F00C34C3C /* MyPlayground.playground */ = {isa = PBXFileReference; lastKnownFileType = file.playground; path = MyPlayground.playground; sourceTree = "<group>"; };
/* End PBXFileReference section */

/* Begin PBXFrameworksBuildPhase section */
		93574EFA193D5AFC00493FA9 /* Frameworks */ = {
			isa = PBXFrameworksBuildPhase;
			buildActionMask = 2147483647;
			files = (
			);
			runOnlyForDeploymentPostprocessing = 0;
		};
		93574F0C193D5AFD00493FA9 /* Frameworks */ = {
			isa = PBXFrameworksBuildPhase;
			buildActionMask = 2147483647;
			files = (
			);
			runOnlyForDeploymentPostprocessing = 0;
		};
/* End PBXFrameworksBuildPhase section */

/* Begin PBXGroup section */
		93574EF4193D5AFC00493FA9 = {
			isa = PBXGroup;
			children = (
				93574EFF193D5AFC00493FA9 /* SwiftBreakout */,
				93574F12193D5AFD00493FA9 /* SwiftBreakoutTests */,
				93574EFE193D5AFC00493FA9 /* Products */,
			);
			sourceTree = "<group>";
		};
		93574EFE193D5AFC00493FA9 /* Products */ = {
			isa = PBXGroup;
			children = (
				93574EFD193D5AFC00493FA9 /* SwiftBreakout.app */,
				93574F0F193D5AFD00493FA9 /* SwiftBreakoutTests.xctest */,
			);
			name = Products;
			sourceTree = "<group>";
		};
		93574EFF193D5AFC00493FA9 /* SwiftBreakout */ = {
			isa = PBXGroup;
			children = (
				93574F02193D5AFC00493FA9 /* AppDelegate.swift */,
				93574F04193D5AFC00493FA9 /* ViewController.swift */,
				93574F06193D5AFC00493FA9 /* Main.storyboard */,
				935D405C193DAA38008C14A7 /* MyScene.swift */,
				93FC324D193FE92F00C34C3C /* MyPlayground.playground */,
				93574F09193D5AFC00493FA9 /* Images.xcassets */,
				93574F00193D5AFC00493FA9 /* Supporting Files */,
			);
			path = SwiftBreakout;
			sourceTree = "<group>";
		};
		93574F00193D5AFC00493FA9 /* Supporting Files */ = {
			isa = PBXGroup;
			children = (
				935D405E193E0C48008C14A7 /* Basso.caf */,
				935D405F193E0C48008C14A7 /* Ping.caf */,
				935D4060193E0C48008C14A7 /* Pop.caf */,
				935D4061193E0C48008C14A7 /* Smoke.sks */,
				935D4062193E0C48008C14A7 /* spark.png */,
				93574F01193D5AFC00493FA9 /* Info.plist */,
			);
			name = "Supporting Files";
			sourceTree = "<group>";
		};
		93574F12193D5AFD00493FA9 /* SwiftBreakoutTests */ = {
			isa = PBXGroup;
			children = (
				93574F15193D5AFD00493FA9 /* SwiftBreakoutTests.swift */,
				93574F13193D5AFD00493FA9 /* Supporting Files */,
			);
			path = SwiftBreakoutTests;
			sourceTree = "<group>";
		};
		93574F13193D5AFD00493FA9 /* Supporting Files */ = {
			isa = PBXGroup;
			children = (
				93574F14193D5AFD00493FA9 /* Info.plist */,
			);
			name = "Supporting Files";
			sourceTree = "<group>";
		};
/* End PBXGroup section */

/* Begin PBXNativeTarget section */
		93574EFC193D5AFC00493FA9 /* SwiftBreakout */ = {
			isa = PBXNativeTarget;
			buildConfigurationList = 93574F19193D5AFD00493FA9 /* Build configuration list for PBXNativeTarget "SwiftBreakout" */;
			buildPhases = (
				93574EF9193D5AFC00493FA9 /* Sources */,
				93574EFA193D5AFC00493FA9 /* Frameworks */,
				93574EFB193D5AFC00493FA9 /* Resources */,
			);
			buildRules = (
			);
			dependencies = (
			);
			name = SwiftBreakout;
			productName = Xcode6Test;
			productReference = 93574EFD193D5AFC00493FA9 /* SwiftBreakout.app */;
			productType = "com.apple.product-type.application";
		};
		93574F0E193D5AFD00493FA9 /* SwiftBreakoutTests */ = {
			isa = PBXNativeTarget;
			buildConfigurationList = 93574F1C193D5AFD00493FA9 /* Build configuration list for PBXNativeTarget "SwiftBreakoutTests" */;
			buildPhases = (
				93574F0B193D5AFD00493FA9 /* Sources */,
				93574F0C193D5AFD00493FA9 /* Frameworks */,
				93574F0D193D5AFD00493FA9 /* Resources */,
			);
			buildRules = (
			);
			dependencies = (
				93574F11193D5AFD00493FA9 /* PBXTargetDependency */,
			);
			name = SwiftBreakoutTests;
			productName = Xcode6TestTests;
			productReference = 93574F0F193D5AFD00493FA9 /* SwiftBreakoutTests.xctest */;
			productType = "com.apple.product-type.bundle.unit-test";
		};
/* End PBXNativeTarget section */

/* Begin PBXProject section */
		93574EF5193D5AFC00493FA9 /* Project object */ = {
			isa = PBXProject;
			attributes = {
				LastUpgradeCheck = 0600;
				ORGANIZATIONNAME = "Naoto Yoshioka";
				TargetAttributes = {
					93574EFC193D5AFC00493FA9 = {
						CreatedOnToolsVersion = 6.0;
					};
					93574F0E193D5AFD00493FA9 = {
						CreatedOnToolsVersion = 6.0;
						TestTargetID = 93574EFC193D5AFC00493FA9;
					};
				};
			};
			buildConfigurationList = 93574EF8193D5AFC00493FA9 /* Build configuration list for PBXProject "SwiftBreakout" */;
			compatibilityVersion = "Xcode 3.2";
			developmentRegion = English;
			hasScannedForEncodings = 0;
			knownRegions = (
				en,
				Base,
			);
			mainGroup = 93574EF4193D5AFC00493FA9;
			productRefGroup = 93574EFE193D5AFC00493FA9 /* Products */;
			projectDirPath = "";
			projectRoot = "";
			targets = (
				93574EFC193D5AFC00493FA9 /* SwiftBreakout */,
				93574F0E193D5AFD00493FA9 /* SwiftBreakoutTests */,
			);
		};
/* End PBXProject section */

/* Begin PBXResourcesBuildPhase section */
		93574EFB193D5AFC00493FA9 /* Resources */ = {
			isa = PBXResourcesBuildPhase;
			buildActionMask = 2147483647;
			files = (
				93574F08193D5AFC00493FA9 /* Main.storyboard in Resources */,
				935D4065193E0C48008C14A7 /* Pop.caf in Resources */,
				935D4063193E0C48008C14A7 /* Basso.caf in Resources */,
				935D4067193E0C48008C14A7 /* spark.png in Resources */,
				935D4064193E0C48008C14A7 /* Ping.caf in Resources */,
				93574F0A193D5AFC00493FA9 /* Images.xcassets in Resources */,
				935D4066193E0C48008C14A7 /* Smoke.sks in Resources */,
			);
			runOnlyForDeploymentPostprocessing = 0;
		};
		93574F0D193D5AFD00493FA9 /* Resources */ = {
			isa = PBXResourcesBuildPhase;
			buildActionMask = 2147483647;
			files = (
			);
			runOnlyForDeploymentPostprocessing = 0;
		};
/* End PBXResourcesBuildPhase section */

/* Begin PBXSourcesBuildPhase section */
		93574EF9193D5AFC00493FA9 /* Sources */ = {
			isa = PBXSourcesBuildPhase;
			buildActionMask = 2147483647;
			files = (
				93574F05193D5AFC00493FA9 /* ViewController.swift in Sources */,
				93574F03193D5AFC00493FA9 /* AppDelegate.swift in Sources */,
				935D405D193DAA38008C14A7 /* MyScene.swift in Sources */,
			);
			runOnlyForDeploymentPostprocessing = 0;
		};
		93574F0B193D5AFD00493FA9 /* Sources */ = {
			isa = PBXSourcesBuildPhase;
			buildActionMask = 2147483647;
			files = (
				93574F16193D5AFD00493FA9 /* SwiftBreakoutTests.swift in Sources */,
			);
			runOnlyForDeploymentPostprocessing = 0;
		};
/* End PBXSourcesBuildPhase section */

/* Begin PBXTargetDependency section */
		93574F11193D5AFD00493FA9 /* PBXTargetDependency */ = {
			isa = PBXTargetDependency;
			target = 93574EFC193D5AFC00493FA9 /* SwiftBreakout */;
			targetProxy = 93574F10193D5AFD00493FA9 /* PBXContainerItemProxy */;
		};
/* End PBXTargetDependency section */

/* Begin PBXVariantGroup section */
		93574F06193D5AFC00493FA9 /* Main.storyboard */ = {
			isa = PBXVariantGroup;
			children = (
				93574F07193D5AFC00493FA9 /* Base */,
			);
			name = Main.storyboard;
			sourceTree = "<group>";
		};
/* End PBXVariantGroup section */

/* Begin XCBuildConfiguration section */
		93574F17193D5AFD00493FA9 /* Debug */ = {
			isa = XCBuildConfiguration;
			buildSettings = {
				ALWAYS_SEARCH_USER_PATHS = NO;
				CLANG_CXX_LANGUAGE_STANDARD = "gnu++0x";
				CLANG_CXX_LIBRARY = "libc++";
				CLANG_ENABLE_MODULES = YES;
				CLANG_ENABLE_OBJC_ARC = YES;
				CLANG_WARN_BOOL_CONVERSION = YES;
				CLANG_WARN_CONSTANT_CONVERSION = YES;
				CLANG_WARN_DIRECT_OBJC_ISA_USAGE = YES_ERROR;
				CLANG_WARN_EMPTY_BODY = YES;
				CLANG_WARN_ENUM_CONVERSION = YES;
				CLANG_WARN_INT_CONVERSION = YES;
				CLANG_WARN_OBJC_ROOT_CLASS = YES_ERROR;
				CLANG_WARN_UNREACHABLE_CODE = YES;
				CLANG_WARN__DUPLICATE_METHOD_MATCH = YES;
				"CODE_SIGN_IDENTITY[sdk=iphoneos*]" = "iPhone Developer";
				COPY_PHASE_STRIP = NO;
				ENABLE_STRICT_OBJC_MSGSEND = YES;
				GCC_C_LANGUAGE_STANDARD = gnu99;
				GCC_DYNAMIC_NO_PIC = NO;
				GCC_OPTIMIZATION_LEVEL = 0;
				GCC_PREPROCESSOR_DEFINITIONS = (
					"DEBUG=1",
					"$(inherited)",
				);
				GCC_SYMBOLS_PRIVATE_EXTERN = NO;
				GCC_WARN_64_TO_32_BIT_CONVERSION = YES;
				GCC_WARN_ABOUT_RETURN_TYPE = YES_ERROR;
				GCC_WARN_UNDECLARED_SELECTOR = YES;
				GCC_WARN_UNINITIALIZED_AUTOS = YES_AGGRESSIVE;
				GCC_WARN_UNUSED_FUNCTION = YES;
				GCC_WARN_UNUSED_VARIABLE = YES;
				IPHONEOS_DEPLOYMENT_TARGET = 8.0;
				METAL_ENABLE_DEBUG_INFO = YES;
				ONLY_ACTIVE_ARCH = YES;
				SDKROOT = iphoneos;
				SWIFT_OPTIMIZATION_LEVEL = "-Onone";
			};
			name = Debug;
		};
		93574F18193D5AFD00493FA9 /* Release */ = {
			isa = XCBuildConfiguration;
			buildSettings = {
				ALWAYS_SEARCH_USER_PATHS = NO;
				CLANG_CXX_LANGUAGE_STANDARD = "gnu++0x";
				CLANG_CXX_LIBRARY = "libc++";
				CLANG_ENABLE_MODULES = YES;
				CLANG_ENABLE_OBJC_ARC = YES;
				CLANG_WARN_BOOL_CONVERSION = YES;
				CLANG_WARN_CONSTANT_CONVERSION = YES;
				CLANG_WARN_DIRECT_OBJC_ISA_USAGE = YES_ERROR;
				CLANG_WARN_EMPTY_BODY = YES;
				CLANG_WARN_ENUM_CONVERSION = YES;
				CLANG_WARN_INT_CONVERSION = YES;
				CLANG_WARN_OBJC_ROOT_CLASS = YES_ERROR;
				CLANG_WARN_UNREACHABLE_CODE = YES;
				CLANG_WARN__DUPLICATE_METHOD_MATCH = YES;
				"CODE_SIGN_IDENTITY[sdk=iphoneos*]" = "iPhone Developer";
				COPY_PHASE_STRIP = YES;
				ENABLE_NS_ASSERTIONS = NO;
				ENABLE_STRICT_OBJC_MSGSEND = YES;
				GCC_C_LANGUAGE_STANDARD = gnu99;
				GCC_WARN_64_TO_32_BIT_CONVERSION = YES;
				GCC_WARN_ABOUT_RETURN_TYPE = YES_ERROR;
				GCC_WARN_UNDECLARED_SELECTOR = YES;
				GCC_WARN_UNINITIALIZED_AUTOS = YES_AGGRESSIVE;
				GCC_WARN_UNUSED_FUNCTION = YES;
				GCC_WARN_UNUSED_VARIABLE = YES;
				IPHONEOS_DEPLOYMENT_TARGET = 8.0;
				METAL_ENABLE_DEBUG_INFO = NO;
				SDKROOT = iphoneos;
				VALIDATE_PRODUCT = YES;
			};
			name = Release;
		};
		93574F1A193D5AFD00493FA9 /* Debug */ = {
			isa = XCBuildConfiguration;
			buildSettings = {
				ASSETCATALOG_COMPILER_APPICON_NAME = AppIcon;
				ASSETCATALOG_COMPILER_LAUNCHIMAGE_NAME = LaunchImage;
				INFOPLIST_FILE = "$(SRCROOT)/SwiftBreakout/Info.plist";
				LD_RUNPATH_SEARCH_PATHS = "$(inherited) @executable_path/Frameworks";
				PRODUCT_NAME = SwiftBreakout;
			};
			name = Debug;
		};
		93574F1B193D5AFD00493FA9 /* Release */ = {
			isa = XCBuildConfiguration;
			buildSettings = {
				ASSETCATALOG_COMPILER_APPICON_NAME = AppIcon;
				ASSETCATALOG_COMPILER_LAUNCHIMAGE_NAME = LaunchImage;
				INFOPLIST_FILE = "$(SRCROOT)/SwiftBreakout/Info.plist";
				LD_RUNPATH_SEARCH_PATHS = "$(inherited) @executable_path/Frameworks";
				PRODUCT_NAME = SwiftBreakout;
			};
			name = Release;
		};
		93574F1D193D5AFD00493FA9 /* Debug */ = {
			isa = XCBuildConfiguration;
			buildSettings = {
				BUNDLE_LOADER = "$(BUILT_PRODUCTS_DIR)/Xcode6Test.app/Xcode6Test";
				FRAMEWORK_SEARCH_PATHS = (
					"$(SDKROOT)/Developer/Library/Frameworks",
					"$(inherited)",
				);
				GCC_PREPROCESSOR_DEFINITIONS = (
					"DEBUG=1",
					"$(inherited)",
				);
				INFOPLIST_FILE = Xcode6TestTests/Info.plist;
				LD_RUNPATH_SEARCH_PATHS = "$(inherited) @executable_path/Frameworks @loader_path/Frameworks";
				METAL_ENABLE_DEBUG_INFO = YES;
				PRODUCT_NAME = SwiftBreakoutTests;
				TEST_HOST = "$(BUNDLE_LOADER)";
			};
			name = Debug;
		};
		93574F1E193D5AFD00493FA9 /* Release */ = {
			isa = XCBuildConfiguration;
			buildSettings = {
				BUNDLE_LOADER = "$(BUILT_PRODUCTS_DIR)/Xcode6Test.app/Xcode6Test";
				FRAMEWORK_SEARCH_PATHS = (
					"$(SDKROOT)/Developer/Library/Frameworks",
					"$(inherited)",
				);
				INFOPLIST_FILE = Xcode6TestTests/Info.plist;
				LD_RUNPATH_SEARCH_PATHS = "$(inherited) @executable_path/Frameworks @loader_path/Frameworks";
				METAL_ENABLE_DEBUG_INFO = NO;
				PRODUCT_NAME = SwiftBreakoutTests;
				TEST_HOST = "$(BUNDLE_LOADER)";
			};
			name = Release;
		};
/* End XCBuildConfiguration section */

/* Begin XCConfigurationList section */
		93574EF8193D5AFC00493FA9 /* Build configuration list for PBXProject "SwiftBreakout" */ = {
			isa = XCConfigurationList;
			buildConfigurations = (
				93574F17193D5AFD00493FA9 /* Debug */,
				93574F18193D5AFD00493FA9 /* Release */,
			);
			defaultConfigurationIsVisible = 0;
			defaultConfigurationName = Release;
		};
		93574F19193D5AFD00493FA9 /* Build configuration list for PBXNativeTarget "SwiftBreakout" */ = {
			isa = XCConfigurationList;
			buildConfigurations = (
				93574F1A193D5AFD00493FA9 /* Debug */,
				93574F1B193D5AFD00493FA9 /* Release */,
			);
			defaultConfigurationIsVisible = 0;
			defaultConfigurationName = Release;
		};
		93574F1C193D5AFD00493FA9 /* Build configuration list for PBXNativeTarget "SwiftBreakoutTests" */ = {
			isa = XCConfigurationList;
			buildConfigurations = (
				93574F1D193D5AFD00493FA9 /* Debug */,
				93574F1E193D5AFD00493FA9 /* Release */,
			);
			defaultConfigurationIsVisible = 0;
			defaultConfigurationName = Release;
		};
/* End XCConfigurationList section */
	};
	rootObject = 93574EF5193D5AFC00493FA9 /* Project object */;
}
